
Microsoft Visual Studio Solution File, Format Version 12.00
# Visual Studio Version 17
VisualStudioVersion = 17.10.35013.160
MinimumVisualStudioVersion = 10.0.40219.1
Project("{FAE04EC0-301F-11D3-BF4B-00C04F79EFBC}") = "Inventario", "Inventario.csproj", "{FE54764E-A8D2-4B1A-B07C-FBDA6B1C44C2}"
EndProject
Global
	GlobalSection(SolutionConfigurationPlatforms) = preSolution
		Debug|Any CPU = Debug|Any CPU
		Release|Any CPU = Release|Any CPU
	EndGlobalSection
	GlobalSection(ProjectConfigurationPlatforms) = postSolution
		{FE54764E-A8D2-4B1A-B07C-FBDA6B1C44C2}.Debug|Any CPU.ActiveCfg = Debug|Any CPU
		{FE54764E-A8D2-4B1A-B07C-FBDA6B1C44C2}.Debug|Any CPU.Build.0 = Debug|Any CPU
		{FE54764E-A8D2-4B1A-B07C-FBDA6B1C44C2}.Release|Any CPU.ActiveCfg = Release|Any CPU
		{FE54764E-A8D2-4B1A-B07C-FBDA6B1C44C2}.Release|Any CPU.Build.0 = Release|Any CPU
	EndGlobalSection
	GlobalSection(SolutionProperties) = preSolution
		HideSolutionNode = FALSE
	EndGlobalSection
	GlobalSection(ExtensibilityGlobals) = postSolution
		SolutionGuid = {ABFCDB7A-9719-4483-ADC4-CABF7F3582DF}
	EndGlobalSection
EndGlobal
